// !$*UTF8*$!
{
	archiveVersion = 1;
	classes = {
	};
	objectVersion = 46;
	objects = {

/* Begin PBXBuildFile section */
		2C27E8511ED0E14400473CA3 /* SecurityLogo..png in Resources */ = {isa = PBXBuildFile; fileRef = 2C27E8501ED0E14400473CA3 /* SecurityLogo..png */; };
		2C27FD7E1ED080EF004900E9 /* AppDelegate.swift in Sources */ = {isa = PBXBuildFile; fileRef = 2C27FD7D1ED080EF004900E9 /* AppDelegate.swift */; };
		2C27FD801ED080EF004900E9 /* ViewController.swift in Sources */ = {isa = PBXBuildFile; fileRef = 2C27FD7F1ED080EF004900E9 /* ViewController.swift */; };
		2C27FD831ED080EF004900E9 /* Main.storyboard in Resources */ = {isa = PBXBuildFile; fileRef = 2C27FD811ED080EF004900E9 /* Main.storyboard */; };
		2C27FD851ED080EF004900E9 /* Assets.xcassets in Resources */ = {isa = PBXBuildFile; fileRef = 2C27FD841ED080EF004900E9 /* Assets.xcassets */; };
		2C27FD881ED080EF004900E9 /* LaunchScreen.storyboard in Resources */ = {isa = PBXBuildFile; fileRef = 2C27FD861ED080EF004900E9 /* LaunchScreen.storyboard */; };
		2C27FD901ED083C8004900E9 /* AmIPwned.swift in Sources */ = {isa = PBXBuildFile; fileRef = 2C27FD8F1ED083C8004900E9 /* AmIPwned.swift */; };
		943C39A41ED16977004DCB12 /* WebVViewController.swift in Sources */ = {isa = PBXBuildFile; fileRef = 943C39A31ED16977004DCB12 /* WebVViewController.swift */; };
		94F129D11ED148CE001F773F /* DataViewController.swift in Sources */ = {isa = PBXBuildFile; fileRef = 94F129D01ED148CE001F773F /* DataViewController.swift */; };
/* End PBXBuildFile section */

/* Begin PBXFileReference section */
		2C27E8501ED0E14400473CA3 /* SecurityLogo..png */ = {isa = PBXFileReference; lastKnownFileType = image.png; name = SecurityLogo..png; path = ../../SecurityLogo..png; sourceTree = "<group>"; };
		2C27FD7A1ED080EF004900E9 /* SecurityApp.app */ = {isa = PBXFileReference; explicitFileType = wrapper.application; includeInIndex = 0; path = SecurityApp.app; sourceTree = BUILT_PRODUCTS_DIR; };
		2C27FD7D1ED080EF004900E9 /* AppDelegate.swift */ = {isa = PBXFileReference; lastKnownFileType = sourcecode.swift; path = AppDelegate.swift; sourceTree = "<group>"; };
		2C27FD7F1ED080EF004900E9 /* ViewController.swift */ = {isa = PBXFileReference; lastKnownFileType = sourcecode.swift; path = ViewController.swift; sourceTree = "<group>"; };
		2C27FD821ED080EF004900E9 /* Base */ = {isa = PBXFileReference; lastKnownFileType = file.storyboard; name = Base; path = Base.lproj/Main.storyboard; sourceTree = "<group>"; };
		2C27FD841ED080EF004900E9 /* Assets.xcassets */ = {isa = PBXFileReference; lastKnownFileType = folder.assetcatalog; path = Assets.xcassets; sourceTree = "<group>"; };
		2C27FD871ED080EF004900E9 /* Base */ = {isa = PBXFileReference; lastKnownFileType = file.storyboard; name = Base; path = Base.lproj/LaunchScreen.storyboard; sourceTree = "<group>"; };
		2C27FD891ED080EF004900E9 /* Info.plist */ = {isa = PBXFileReference; lastKnownFileType = text.plist.xml; path = Info.plist; sourceTree = "<group>"; };
		2C27FD8F1ED083C8004900E9 /* AmIPwned.swift */ = {isa = PBXFileReference; fileEncoding = 4; lastKnownFileType = sourcecode.swift; path = AmIPwned.swift; sourceTree = "<group>"; };
		943C39A31ED16977004DCB12 /* WebVViewController.swift */ = {isa = PBXFileReference; fileEncoding = 4; lastKnownFileType = sourcecode.swift; path = WebVViewController.swift; sourceTree = "<group>"; };
		94F129D01ED148CE001F773F /* DataViewController.swift */ = {isa = PBXFileReference; fileEncoding = 4; lastKnownFileType = sourcecode.swift; path = DataViewController.swift; sourceTree = "<group>"; };
/* End PBXFileReference section */

/* Begin PBXFrameworksBuildPhase section */
		2C27FD771ED080EF004900E9 /* Frameworks */ = {
			isa = PBXFrameworksBuildPhase;
			buildActionMask = 2147483647;
			files = (
			);
			runOnlyForDeploymentPostprocessing = 0;
		};
/* End PBXFrameworksBuildPhase section */

/* Begin PBXGroup section */
		2C27FD711ED080EF004900E9 = {
			isa = PBXGroup;
			children = (
				2C27FD7C1ED080EF004900E9 /* SecurityApp */,
				2C27FD7B1ED080EF004900E9 /* Products */,
			);
			sourceTree = "<group>";
		};
		2C27FD7B1ED080EF004900E9 /* Products */ = {
			isa = PBXGroup;
			children = (
				2C27FD7A1ED080EF004900E9 /* SecurityApp.app */,
			);
			name = Products;
			sourceTree = "<group>";
		};
		2C27FD7C1ED080EF004900E9 /* SecurityApp */ = {
			isa = PBXGroup;
			children = (
				2C27FD7D1ED080EF004900E9 /* AppDelegate.swift */,
				2C27FD8F1ED083C8004900E9 /* AmIPwned.swift */,
				2C27FD7F1ED080EF004900E9 /* ViewController.swift */,
				94F129D01ED148CE001F773F /* DataViewController.swift */,
				943C39A31ED16977004DCB12 /* WebVViewController.swift */,
				2C27FD811ED080EF004900E9 /* Main.storyboard */,
				2C27E8501ED0E14400473CA3 /* SecurityLogo..png */,
				2C27FD841ED080EF004900E9 /* Assets.xcassets */,
				2C27FD861ED080EF004900E9 /* LaunchScreen.storyboard */,
				2C27FD891ED080EF004900E9 /* Info.plist */,
			);
			path = SecurityApp;
			sourceTree = "<group>";
		};
/* End PBXGroup section */

/* Begin PBXNativeTarget section */
		2C27FD791ED080EF004900E9 /* SecurityApp */ = {
			isa = PBXNativeTarget;
			buildConfigurationList = 2C27FD8C1ED080EF004900E9 /* Build configuration list for PBXNativeTarget "SecurityApp" */;
			buildPhases = (
				2C27FD761ED080EF004900E9 /* Sources */,
				2C27FD771ED080EF004900E9 /* Frameworks */,
				2C27FD781ED080EF004900E9 /* Resources */,
			);
			buildRules = (
			);
			dependencies = (
			);
			name = SecurityApp;
			productName = SecurityApp;
			productReference = 2C27FD7A1ED080EF004900E9 /* SecurityApp.app */;
			productType = "com.apple.product-type.application";
		};
/* End PBXNativeTarget section */

/* Begin PBXProject section */
		2C27FD721ED080EF004900E9 /* Project object */ = {
			isa = PBXProject;
			attributes = {
				LastSwiftUpdateCheck = 0830;
				LastUpgradeCheck = 0830;
				ORGANIZATIONNAME = jackdm;
				TargetAttributes = {
					2C27FD791ED080EF004900E9 = {
						CreatedOnToolsVersion = 8.3.2;
						ProvisioningStyle = Automatic;
					};
				};
			};
			buildConfigurationList = 2C27FD751ED080EF004900E9 /* Build configuration list for PBXProject "SecurityApp" */;
			compatibilityVersion = "Xcode 3.2";
			developmentRegion = English;
			hasScannedForEncodings = 0;
			knownRegions = (
				en,
				Base,
			);
			mainGroup = 2C27FD711ED080EF004900E9;
			productRefGroup = 2C27FD7B1ED080EF004900E9 /* Products */;
			projectDirPath = "";
			projectRoot = "";
			targets = (
				2C27FD791ED080EF004900E9 /* SecurityApp */,
			);
		};
/* End PBXProject section */

/* Begin PBXResourcesBuildPhase section */
		2C27FD781ED080EF004900E9 /* Resources */ = {
			isa = PBXResourcesBuildPhase;
			buildActionMask = 2147483647;
			files = (
				2C27FD881ED080EF004900E9 /* LaunchScreen.storyboard in Resources */,
				2C27FD851ED080EF004900E9 /* Assets.xcassets in Resources */,
				2C27FD831ED080EF004900E9 /* Main.storyboard in Resources */,
				2C27E8511ED0E14400473CA3 /* SecurityLogo..png in Resources */,
			);
			runOnlyForDeploymentPostprocessing = 0;
		};
/* End PBXResourcesBuildPhase section */

/* Begin PBXSourcesBuildPhase section */
		2C27FD761ED080EF004900E9 /* Sources */ = {
			isa = PBXSourcesBuildPhase;
			buildActionMask = 2147483647;
			files = (
				94F129D11ED148CE001F773F /* DataViewController.swift in Sources */,
				2C27FD801ED080EF004900E9 /* ViewController.swift in Sources */,
				943C39A41ED16977004DCB12 /* WebVViewController.swift in Sources */,
				2C27FD901ED083C8004900E9 /* AmIPwned.swift in Sources */,
				2C27FD7E1ED080EF004900E9 /* AppDelegate.swift in Sources */,
			);
			runOnlyForDeploymentPostprocessing = 0;
		};
/* End PBXSourcesBuildPhase section */

/* Begin PBXVariantGroup section */
		2C27FD811ED080EF004900E9 /* Main.storyboard */ = {
			isa = PBXVariantGroup;
			children = (
				2C27FD821ED080EF004900E9 /* Base */,
			);
			name = Main.storyboard;
			sourceTree = "<group>";
		};
		2C27FD861ED080EF004900E9 /* LaunchScreen.storyboard */ = {
			isa = PBXVariantGroup;
			children = (
				2C27FD871ED080EF004900E9 /* Base */,
			);
			name = LaunchScreen.storyboard;
			sourceTree = "<group>";
		};
/* End PBXVariantGroup section */

/* Begin XCBuildConfiguration section */
		2C27FD8A1ED080EF004900E9 /* Debug */ = {
			isa = XCBuildConfiguration;
			buildSettings = {
				ALWAYS_SEARCH_USER_PATHS = NO;
				CLANG_ANALYZER_NONNULL = YES;
				CLANG_ANALYZER_NUMBER_OBJECT_CONVERSION = YES_AGGRESSIVE;
				CLANG_CXX_LANGUAGE_STANDARD = "gnu++0x";
				CLANG_CXX_LIBRARY = "libc++";
				CLANG_ENABLE_MODULES = YES;
				CLANG_ENABLE_OBJC_ARC = YES;
				CLANG_WARN_BOOL_CONVERSION = YES;
				CLANG_WARN_CONSTANT_CONVERSION = YES;
				CLANG_WARN_DIRECT_OBJC_ISA_USAGE = YES_ERROR;
				CLANG_WARN_DOCUMENTATION_COMMENTS = YES;
				CLANG_WARN_EMPTY_BODY = YES;
				CLANG_WARN_ENUM_CONVERSION = YES;
				CLANG_WARN_INFINITE_RECURSION = YES;
				CLANG_WARN_INT_CONVERSION = YES;
				CLANG_WARN_OBJC_ROOT_CLASS = YES_ERROR;
				CLANG_WARN_SUSPICIOUS_MOVE = YES;
				CLANG_WARN_UNREACHABLE_CODE = YES;
				CLANG_WARN__DUPLICATE_METHOD_MATCH = YES;
				"CODE_SIGN_IDENTITY[sdk=iphoneos*]" = "iPhone Developer";
				COPY_PHASE_STRIP = NO;
				DEBUG_INFORMATION_FORMAT = dwarf;
				ENABLE_STRICT_OBJC_MSGSEND = YES;
				ENABLE_TESTABILITY = YES;
				GCC_C_LANGUAGE_STANDARD = gnu99;
				GCC_DYNAMIC_NO_PIC = NO;
				GCC_NO_COMMON_BLOCKS = YES;
				GCC_OPTIMIZATION_LEVEL = 0;
				GCC_PREPROCESSOR_DEFINITIONS = (
					"DEBUG=1",
					"$(inherited)",
				);
				GCC_WARN_64_TO_32_BIT_CONVERSION = YES;
				GCC_WARN_ABOUT_RETURN_TYPE = YES_ERROR;
				GCC_WARN_UNDECLARED_SELECTOR = YES;
				GCC_WARN_UNINITIALIZED_AUTOS = YES_AGGRESSIVE;
				GCC_WARN_UNUSED_FUNCTION = YES;
				GCC_WARN_UNUSED_VARIABLE = YES;
				IPHONEOS_DEPLOYMENT_TARGET = 10.3;
				MTL_ENABLE_DEBUG_INFO = YES;
				ONLY_ACTIVE_ARCH = YES;
				SDKROOT = iphoneos;
				SWIFT_ACTIVE_COMPILATION_CONDITIONS = DEBUG;
				SWIFT_OPTIMIZATION_LEVEL = "-Onone";
			};
			name = Debug;
		};
		2C27FD8B1ED080EF004900E9 /* Release */ = {
			isa = XCBuildConfiguration;
			buildSettings = {
				ALWAYS_SEARCH_USER_PATHS = NO;
				CLANG_ANALYZER_NONNULL = YES;
				CLANG_ANALYZER_NUMBER_OBJECT_CONVERSION = YES_AGGRESSIVE;
				CLANG_CXX_LANGUAGE_STANDARD = "gnu++0x";
				CLANG_CXX_LIBRARY = "libc++";
				CLANG_ENABLE_MODULES = YES;
				CLANG_ENABLE_OBJC_ARC = YES;
				CLANG_WARN_BOOL_CONVERSION = YES;
				CLANG_WARN_CONSTANT_CONVERSION = YES;
				CLANG_WARN_DIRECT_OBJC_ISA_USAGE = YES_ERROR;
				CLANG_WARN_DOCUMENTATION_COMMENTS = YES;
				CLANG_WARN_EMPTY_BODY = YES;
				CLANG_WARN_ENUM_CONVERSION = YES;
				CLANG_WARN_INFINITE_RECURSION = YES;
				CLANG_WARN_INT_CONVERSION = YES;
				CLANG_WARN_OBJC_ROOT_CLASS = YES_ERROR;
				CLANG_WARN_SUSPICIOUS_MOVE = YES;
				CLANG_WARN_UNREACHABLE_CODE = YES;
				CLANG_WARN__DUPLICATE_METHOD_MATCH = YES;
				"CODE_SIGN_IDENTITY[sdk=iphoneos*]" = "iPhone Developer";
				COPY_PHASE_STRIP = NO;
				DEBUG_INFORMATION_FORMAT = "dwarf-with-dsym";
				ENABLE_NS_ASSERTIONS = NO;
				ENABLE_STRICT_OBJC_MSGSEND = YES;
				GCC_C_LANGUAGE_STANDARD = gnu99;
				GCC_NO_COMMON_BLOCKS = YES;
				GCC_WARN_64_TO_32_BIT_CONVERSION = YES;
				GCC_WARN_ABOUT_RETURN_TYPE = YES_ERROR;
				GCC_WARN_UNDECLARED_SELECTOR = YES;
				GCC_WARN_UNINITIALIZED_AUTOS = YES_AGGRESSIVE;
				GCC_WARN_UNUSED_FUNCTION = YES;
				GCC_WARN_UNUSED_VARIABLE = YES;
				IPHONEOS_DEPLOYMENT_TARGET = 10.3;
				MTL_ENABLE_DEBUG_INFO = NO;
				SDKROOT = iphoneos;
				SWIFT_OPTIMIZATION_LEVEL = "-Owholemodule";
				VALIDATE_PRODUCT = YES;
			};
			name = Release;
		};
		2C27FD8D1ED080EF004900E9 /* Debug */ = {
			isa = XCBuildConfiguration;
			buildSettings = {
				ASSETCATALOG_COMPILER_APPICON_NAME = AppIcon;
				INFOPLIST_FILE = SecurityApp/Info.plist;
				IPHONEOS_DEPLOYMENT_TARGET = 10.2;
				LD_RUNPATH_SEARCH_PATHS = "$(inherited) @executable_path/Frameworks";
				PRODUCT_BUNDLE_IDENTIFIER = jackdm.SecurityApp;
				PRODUCT_NAME = "$(TARGET_NAME)";
				SWIFT_VERSION = 3.0;
			};
			name = Debug;
		};
		2C27FD8E1ED080EF004900E9 /* Release */ = {
			isa = XCBuildConfiguration;
			buildSettings = {
				ASSETCATALOG_COMPILER_APPICON_NAME = AppIcon;
				INFOPLIST_FILE = SecurityApp/Info.plist;
				IPHONEOS_DEPLOYMENT_TARGET = 10.2;
				LD_RUNPATH_SEARCH_PATHS = "$(inherited) @executable_path/Frameworks";
				PRODUCT_BUNDLE_IDENTIFIER = jackdm.SecurityApp;
				PRODUCT_NAME = "$(TARGET_NAME)";
				SWIFT_VERSION = 3.0;
			};
			name = Release;
		};
/* End XCBuildConfiguration section */

/* Begin XCConfigurationList section */
		2C27FD751ED080EF004900E9 /* Build configuration list for PBXProject "SecurityApp" */ = {
			isa = XCConfigurationList;
			buildConfigurations = (
				2C27FD8A1ED080EF004900E9 /* Debug */,
				2C27FD8B1ED080EF004900E9 /* Release */,
			);
			defaultConfigurationIsVisible = 0;
			defaultConfigurationName = Release;
		};
		2C27FD8C1ED080EF004900E9 /* Build configuration list for PBXNativeTarget "SecurityApp" */ = {
			isa = XCConfigurationList;
			buildConfigurations = (
				2C27FD8D1ED080EF004900E9 /* Debug */,
				2C27FD8E1ED080EF004900E9 /* Release */,
			);
			defaultConfigurationIsVisible = 0;
			defaultConfigurationName = Release;
		};
/* End XCConfigurationList section */
	};
	rootObject = 2C27FD721ED080EF004900E9 /* Project object */;
}
